// !$*UTF8*$!
{
	archiveVersion = 1;
	classes = {
	};
	objectVersion = 46;
	objects = {

/* Begin PBXBuildFile section */
		1D3623260D0F684500981E51 /* NestopiaAppDelegate.m in Sources */ = {isa = PBXBuildFile; fileRef = 1D3623250D0F684500981E51 /* NestopiaAppDelegate.m */; };
		1D60589B0D05DD56006BFB54 /* main.mm in Sources */ = {isa = PBXBuildFile; fileRef = 29B97316FDCFA39411CA2CEA /* main.mm */; };
		28C286E10D94DF7D0034E888 /* GamePlayViewController.m in Sources */ = {isa = PBXBuildFile; fileRef = 28C286E00D94DF7D0034E888 /* GamePlayViewController.m */; };
		66C1BD54186528AF00E5A833 /* GameController.framework in Frameworks */ = {isa = PBXBuildFile; fileRef = 66C1BD53186528AF00E5A833 /* GameController.framework */; };
		66C1BD5718652F4B00E5A833 /* GameControllerManager.m in Sources */ = {isa = PBXBuildFile; fileRef = 66C1BD5618652F4B00E5A833 /* GameControllerManager.m */; };
		702087880EDC5A9900E83959 /* ScreenView.m in Sources */ = {isa = PBXBuildFile; fileRef = 702087870EDC5A9900E83959 /* ScreenView.m */; };
		7039774810D97E890022DB57 /* Games@2x.png in Resources */ = {isa = PBXBuildFile; fileRef = 7039774710D97E890022DB57 /* Games@2x.png */; };
		7040D5AD1802203B00D2B455 /* History@2x.png in Resources */ = {isa = PBXBuildFile; fileRef = 7040D5AC1802203B00D2B455 /* History@2x.png */; };
		7044127F0ED9CF6100E54091 /* AudioToolbox.framework in Frameworks */ = {isa = PBXBuildFile; fileRef = 7044127D0ED9CF6100E54091 /* AudioToolbox.framework */; };
		704412800ED9CF6100E54091 /* QuartzCore.framework in Frameworks */ = {isa = PBXBuildFile; fileRef = 7044127E0ED9CF6100E54091 /* QuartzCore.framework */; };
		704412BE0ED9D3D800E54091 /* GamesViewController.m in Sources */ = {isa = PBXBuildFile; fileRef = 704412BD0ED9D3D800E54091 /* GamesViewController.m */; };
		704412EA0ED9D58B00E54091 /* SettingsViewController.m in Sources */ = {isa = PBXBuildFile; fileRef = 704412E90ED9D58B00E54091 /* SettingsViewController.m */; };
		7052063017FA1E2F001FFF8F /* NstDatabase.dat in Resources */ = {isa = PBXBuildFile; fileRef = 7052062F17FA1E2F001FFF8F /* NstDatabase.dat */; };
		7074DA8117F380B70071CD85 /* Default-568h@2x.png in Resources */ = {isa = PBXBuildFile; fileRef = 7074DA7F17F380B70071CD85 /* Default-568h@2x.png */; };
		7074DA8217F380B70071CD85 /* Default@2x.png in Resources */ = {isa = PBXBuildFile; fileRef = 7074DA8017F380B70071CD85 /* Default@2x.png */; };
		7074DA8417F3C8320071CD85 /* icon.png in Resources */ = {isa = PBXBuildFile; fileRef = 7074DA8317F3C8320071CD85 /* icon.png */; };
		7074DA8717F3C86E0071CD85 /* icon@2x.png in Resources */ = {isa = PBXBuildFile; fileRef = 7074DA8517F3C86E0071CD85 /* icon@2x.png */; };
		7074DA8817F3C86E0071CD85 /* icon~iphone.png in Resources */ = {isa = PBXBuildFile; fileRef = 7074DA8617F3C86E0071CD85 /* icon~iphone.png */; };
		7074DA8A17F3D0C10071CD85 /* Settings@2x.png in Resources */ = {isa = PBXBuildFile; fileRef = 7074DA8917F3D0C10071CD85 /* Settings@2x.png */; };
		7074DA8E17F3DBB80071CD85 /* controller_pt@2x.png in Resources */ = {isa = PBXBuildFile; fileRef = 7074DA8D17F3DBB80071CD85 /* controller_pt@2x.png */; };
		709DC44E1801D743000A3E91 /* icon~ipad.png in Resources */ = {isa = PBXBuildFile; fileRef = 709DC44D1801D743000A3E91 /* icon~ipad.png */; };
		70B3DB0117F48EC6005AA2BB /* a@2x.png in Resources */ = {isa = PBXBuildFile; fileRef = 70B3DAFB17F48EC6005AA2BB /* a@2x.png */; };
		70B3DB0217F48EC6005AA2BB /* b@2x.png in Resources */ = {isa = PBXBuildFile; fileRef = 70B3DAFC17F48EC6005AA2BB /* b@2x.png */; };
		70B3DB0317F48EC6005AA2BB /* d@2x.png in Resources */ = {isa = PBXBuildFile; fileRef = 70B3DAFD17F48EC6005AA2BB /* d@2x.png */; };
		70B3DB0417F48EC6005AA2BB /* l@2x.png in Resources */ = {isa = PBXBuildFile; fileRef = 70B3DAFE17F48EC6005AA2BB /* l@2x.png */; };
		70B3DB0517F48EC6005AA2BB /* r@2x.png in Resources */ = {isa = PBXBuildFile; fileRef = 70B3DAFF17F48EC6005AA2BB /* r@2x.png */; };
		70B3DB0617F48EC6005AA2BB /* u@2x.png in Resources */ = {isa = PBXBuildFile; fileRef = 70B3DB0017F48EC6005AA2BB /* u@2x.png */; };
		70E983421801C3E9008ECA59 /* controller_ipad@2x.png in Resources */ = {isa = PBXBuildFile; fileRef = 70E983411801C3E9008ECA59 /* controller_ipad@2x.png */; };
		70E983441801C450008ECA59 /* controller_ipad.png in Resources */ = {isa = PBXBuildFile; fileRef = 70E983431801C450008ECA59 /* controller_ipad.png */; };
		70E983481801CF96008ECA59 /* History.png in Resources */ = {isa = PBXBuildFile; fileRef = 70E983471801CF96008ECA59 /* History.png */; };
		70E9834A1801D1A9008ECA59 /* Settings.png in Resources */ = {isa = PBXBuildFile; fileRef = 70E983491801D1A9008ECA59 /* Settings.png */; };
		70E9834C1801D244008ECA59 /* Games.png in Resources */ = {isa = PBXBuildFile; fileRef = 70E9834B1801D244008ECA59 /* Games.png */; };
		70F139FE1802355F00EC9BC8 /* controller_ls-568h.png in Resources */ = {isa = PBXBuildFile; fileRef = 70F139FD1802355F00EC9BC8 /* controller_ls-568h.png */; };
		70F696A8124C289500D39392 /* CoreGraphics.framework in Frameworks */ = {isa = PBXBuildFile; fileRef = 70F696A7124C289500D39392 /* CoreGraphics.framework */; };
		70F696AA124C289500D39392 /* Foundation.framework in Frameworks */ = {isa = PBXBuildFile; fileRef = 70F696A9124C289500D39392 /* Foundation.framework */; };
		70F696AC124C289500D39392 /* UIKit.framework in Frameworks */ = {isa = PBXBuildFile; fileRef = 70F696AB124C289500D39392 /* UIKit.framework */; };
		70FEB7FB180DDB9F008B6C61 /* MultiValueViewController.m in Sources */ = {isa = PBXBuildFile; fileRef = 70FEB7FA180DDB9F008B6C61 /* MultiValueViewController.m */; };
		70FEB7FE180DDD5F008B6C61 /* DisclosureIndicator.m in Sources */ = {isa = PBXBuildFile; fileRef = 70FEB7FD180DDD5F008B6C61 /* DisclosureIndicator.m */; };
		80909A1E1835B1A800CC9F6F /* Game.m in Sources */ = {isa = PBXBuildFile; fileRef = 80909A1D1835B1A800CC9F6F /* Game.m */; };
		80C3B6331836EF25000B68E0 /* NSString+TableViewAlphabeticIndexes.m in Sources */ = {isa = PBXBuildFile; fileRef = 80C3B6321836EF25000B68E0 /* NSString+TableViewAlphabeticIndexes.m */; };
		80C3B63818385A85000B68E0 /* AudioPlayer.m in Sources */ = {isa = PBXBuildFile; fileRef = 80C3B63718385A85000B68E0 /* AudioPlayer.m */; };
		80C3B63B1838841B000B68E0 /* PadDirectionButton.m in Sources */ = {isa = PBXBuildFile; fileRef = 80C3B63A1838841B000B68E0 /* PadDirectionButton.m */; };
		80C3B63E18389066000B68E0 /* PadButton.m in Sources */ = {isa = PBXBuildFile; fileRef = 80C3B63D18389066000B68E0 /* PadButton.m */; };
		80C3B641183890ED000B68E0 /* PadSingleButton.m in Sources */ = {isa = PBXBuildFile; fileRef = 80C3B640183890ED000B68E0 /* PadSingleButton.m */; };
		80C3B64418397526000B68E0 /* TransparentMaskView.m in Sources */ = {isa = PBXBuildFile; fileRef = 80C3B64318397526000B68E0 /* TransparentMaskView.m */; };
		80C3B64718397740000B68E0 /* PadRoundTextButton.m in Sources */ = {isa = PBXBuildFile; fileRef = 80C3B64618397740000B68E0 /* PadRoundTextButton.m */; };
		80C3B64D18398CFB000B68E0 /* RoundTextMaskView.m in Sources */ = {isa = PBXBuildFile; fileRef = 80C3B64C18398CFB000B68E0 /* RoundTextMaskView.m */; };
		A27DBEC521C1830600201C9F /* libNESKit.a in Frameworks */ = {isa = PBXBuildFile; fileRef = A2C3940221BF8F8900EC986B /* libNESKit.a */; };
		C4848C2A1A39838600A20A7B /* CGSize+Utilities.m in Sources */ = {isa = PBXBuildFile; fileRef = C4848C291A39838600A20A7B /* CGSize+Utilities.m */; };
		F5EE71540FEEC3A000FDA0A6 /* controller_ls.png in Resources */ = {isa = PBXBuildFile; fileRef = F5EE71530FEEC3A000FDA0A6 /* controller_ls.png */; };
/* End PBXBuildFile section */

/* Begin PBXContainerItemProxy section */
		A2C3940121BF8F8900EC986B /* PBXContainerItemProxy */ = {
			isa = PBXContainerItemProxy;
			containerPortal = A2C393FD21BF8F8900EC986B /* NESKit.xcodeproj */;
			proxyType = 2;
			remoteGlobalIDString = A2C393EE21BF8C0E00EC986B;
			remoteInfo = NESKit;
		};
		A2C3940621BF8FC800EC986B /* PBXContainerItemProxy */ = {
			isa = PBXContainerItemProxy;
			containerPortal = A2C393FD21BF8F8900EC986B /* NESKit.xcodeproj */;
			proxyType = 1;
			remoteGlobalIDString = A2C3941721C04A4100EC986B;
			remoteInfo = NESKit;
		};
/* End PBXContainerItemProxy section */

/* Begin PBXFileReference section */
		1D3623240D0F684500981E51 /* NestopiaAppDelegate.h */ = {isa = PBXFileReference; fileEncoding = 4; lastKnownFileType = sourcecode.c.h; path = NestopiaAppDelegate.h; sourceTree = "<group>"; };
		1D3623250D0F684500981E51 /* NestopiaAppDelegate.m */ = {isa = PBXFileReference; fileEncoding = 4; lastKnownFileType = sourcecode.c.objc; path = NestopiaAppDelegate.m; sourceTree = "<group>"; };
		1D6058910D05DD3D006BFB54 /* Nestopia.app */ = {isa = PBXFileReference; explicitFileType = wrapper.application; includeInIndex = 0; path = Nestopia.app; sourceTree = BUILT_PRODUCTS_DIR; };
		28A0AAE50D9B0CCF005BE974 /* Nestopia_Prefix.pch */ = {isa = PBXFileReference; fileEncoding = 4; lastKnownFileType = sourcecode.c.h; path = Nestopia_Prefix.pch; sourceTree = "<group>"; };
		28C286DF0D94DF7D0034E888 /* GamePlayViewController.h */ = {isa = PBXFileReference; fileEncoding = 4; lastKnownFileType = sourcecode.c.h; path = GamePlayViewController.h; sourceTree = "<group>"; };
		28C286E00D94DF7D0034E888 /* GamePlayViewController.m */ = {isa = PBXFileReference; fileEncoding = 4; lastKnownFileType = sourcecode.c.objc; path = GamePlayViewController.m; sourceTree = "<group>"; };
		29B97316FDCFA39411CA2CEA /* main.mm */ = {isa = PBXFileReference; fileEncoding = 4; lastKnownFileType = sourcecode.cpp.objcpp; path = main.mm; sourceTree = "<group>"; };
		66C1BD53186528AF00E5A833 /* GameController.framework */ = {isa = PBXFileReference; lastKnownFileType = wrapper.framework; name = GameController.framework; path = System/Library/Frameworks/GameController.framework; sourceTree = SDKROOT; };
		66C1BD5518652F4B00E5A833 /* GameControllerManager.h */ = {isa = PBXFileReference; fileEncoding = 4; lastKnownFileType = sourcecode.c.h; path = GameControllerManager.h; sourceTree = "<group>"; };
		66C1BD5618652F4B00E5A833 /* GameControllerManager.m */ = {isa = PBXFileReference; fileEncoding = 4; lastKnownFileType = sourcecode.c.objc; path = GameControllerManager.m; sourceTree = "<group>"; };
		702087860EDC5A9900E83959 /* ScreenView.h */ = {isa = PBXFileReference; fileEncoding = 4; lastKnownFileType = sourcecode.c.h; path = ScreenView.h; sourceTree = "<group>"; };
		702087870EDC5A9900E83959 /* ScreenView.m */ = {isa = PBXFileReference; fileEncoding = 4; lastKnownFileType = sourcecode.c.objc; path = ScreenView.m; sourceTree = "<group>"; };
		7039774710D97E890022DB57 /* Games@2x.png */ = {isa = PBXFileReference; lastKnownFileType = image.png; path = "Games@2x.png"; sourceTree = "<group>"; };
		7040D5AC1802203B00D2B455 /* History@2x.png */ = {isa = PBXFileReference; lastKnownFileType = image.png; path = "History@2x.png"; sourceTree = "<group>"; };
		7044127D0ED9CF6100E54091 /* AudioToolbox.framework */ = {isa = PBXFileReference; lastKnownFileType = wrapper.framework; name = AudioToolbox.framework; path = /System/Library/Frameworks/AudioToolbox.framework; sourceTree = "<absolute>"; };
		7044127E0ED9CF6100E54091 /* QuartzCore.framework */ = {isa = PBXFileReference; lastKnownFileType = wrapper.framework; name = QuartzCore.framework; path = /System/Library/Frameworks/QuartzCore.framework; sourceTree = "<absolute>"; };
		704412BC0ED9D3D800E54091 /* GamesViewController.h */ = {isa = PBXFileReference; fileEncoding = 4; lastKnownFileType = sourcecode.c.h; path = GamesViewController.h; sourceTree = "<group>"; };
		704412BD0ED9D3D800E54091 /* GamesViewController.m */ = {isa = PBXFileReference; fileEncoding = 4; lastKnownFileType = sourcecode.c.objc; path = GamesViewController.m; sourceTree = "<group>"; };
		704412E80ED9D58B00E54091 /* SettingsViewController.h */ = {isa = PBXFileReference; fileEncoding = 4; lastKnownFileType = sourcecode.c.h; path = SettingsViewController.h; sourceTree = "<group>"; };
		704412E90ED9D58B00E54091 /* SettingsViewController.m */ = {isa = PBXFileReference; fileEncoding = 4; lastKnownFileType = sourcecode.c.objc; path = SettingsViewController.m; sourceTree = "<group>"; };
		7052062F17FA1E2F001FFF8F /* NstDatabase.dat */ = {isa = PBXFileReference; lastKnownFileType = file; path = NstDatabase.dat; sourceTree = "<group>"; };
		7074DA7F17F380B70071CD85 /* Default-568h@2x.png */ = {isa = PBXFileReference; lastKnownFileType = image.png; path = "Default-568h@2x.png"; sourceTree = "<group>"; };
		7074DA8017F380B70071CD85 /* Default@2x.png */ = {isa = PBXFileReference; lastKnownFileType = image.png; path = "Default@2x.png"; sourceTree = "<group>"; };
		7074DA8317F3C8320071CD85 /* icon.png */ = {isa = PBXFileReference; lastKnownFileType = image.png; path = icon.png; sourceTree = "<group>"; };
		7074DA8517F3C86E0071CD85 /* icon@2x.png */ = {isa = PBXFileReference; lastKnownFileType = image.png; path = "icon@2x.png"; sourceTree = "<group>"; };
		7074DA8617F3C86E0071CD85 /* icon~iphone.png */ = {isa = PBXFileReference; lastKnownFileType = image.png; path = "icon~iphone.png"; sourceTree = "<group>"; };
		7074DA8917F3D0C10071CD85 /* Settings@2x.png */ = {isa = PBXFileReference; lastKnownFileType = image.png; path = "Settings@2x.png"; sourceTree = "<group>"; };
		7074DA8D17F3DBB80071CD85 /* controller_pt@2x.png */ = {isa = PBXFileReference; lastKnownFileType = image.png; path = "controller_pt@2x.png"; sourceTree = "<group>"; };
		709DC44D1801D743000A3E91 /* icon~ipad.png */ = {isa = PBXFileReference; lastKnownFileType = image.png; path = "icon~ipad.png"; sourceTree = "<group>"; };
		70B3DAFB17F48EC6005AA2BB /* a@2x.png */ = {isa = PBXFileReference; lastKnownFileType = image.png; path = "a@2x.png"; sourceTree = "<group>"; };
		70B3DAFC17F48EC6005AA2BB /* b@2x.png */ = {isa = PBXFileReference; lastKnownFileType = image.png; path = "b@2x.png"; sourceTree = "<group>"; };
		70B3DAFD17F48EC6005AA2BB /* d@2x.png */ = {isa = PBXFileReference; lastKnownFileType = image.png; path = "d@2x.png"; sourceTree = "<group>"; };
		70B3DAFE17F48EC6005AA2BB /* l@2x.png */ = {isa = PBXFileReference; lastKnownFileType = image.png; path = "l@2x.png"; sourceTree = "<group>"; };
		70B3DAFF17F48EC6005AA2BB /* r@2x.png */ = {isa = PBXFileReference; lastKnownFileType = image.png; path = "r@2x.png"; sourceTree = "<group>"; };
		70B3DB0017F48EC6005AA2BB /* u@2x.png */ = {isa = PBXFileReference; lastKnownFileType = image.png; path = "u@2x.png"; sourceTree = "<group>"; };
		70E983411801C3E9008ECA59 /* controller_ipad@2x.png */ = {isa = PBXFileReference; lastKnownFileType = image.png; path = "controller_ipad@2x.png"; sourceTree = "<group>"; };
		70E983431801C450008ECA59 /* controller_ipad.png */ = {isa = PBXFileReference; lastKnownFileType = image.png; path = controller_ipad.png; sourceTree = "<group>"; };
		70E983471801CF96008ECA59 /* History.png */ = {isa = PBXFileReference; lastKnownFileType = image.png; path = History.png; sourceTree = "<group>"; };
		70E983491801D1A9008ECA59 /* Settings.png */ = {isa = PBXFileReference; lastKnownFileType = image.png; path = Settings.png; sourceTree = "<group>"; };
		70E9834B1801D244008ECA59 /* Games.png */ = {isa = PBXFileReference; lastKnownFileType = image.png; path = Games.png; sourceTree = "<group>"; };
		70F139FD1802355F00EC9BC8 /* controller_ls-568h.png */ = {isa = PBXFileReference; lastKnownFileType = image.png; path = "controller_ls-568h.png"; sourceTree = "<group>"; };
		70F696A7124C289500D39392 /* CoreGraphics.framework */ = {isa = PBXFileReference; lastKnownFileType = wrapper.framework; name = CoreGraphics.framework; path = System/Library/Frameworks/CoreGraphics.framework; sourceTree = SDKROOT; };
		70F696A9124C289500D39392 /* Foundation.framework */ = {isa = PBXFileReference; lastKnownFileType = wrapper.framework; name = Foundation.framework; path = System/Library/Frameworks/Foundation.framework; sourceTree = SDKROOT; };
		70F696AB124C289500D39392 /* UIKit.framework */ = {isa = PBXFileReference; lastKnownFileType = wrapper.framework; name = UIKit.framework; path = System/Library/Frameworks/UIKit.framework; sourceTree = SDKROOT; };
		70FEB7F9180DDB9F008B6C61 /* MultiValueViewController.h */ = {isa = PBXFileReference; fileEncoding = 4; lastKnownFileType = sourcecode.c.h; path = MultiValueViewController.h; sourceTree = "<group>"; };
		70FEB7FA180DDB9F008B6C61 /* MultiValueViewController.m */ = {isa = PBXFileReference; fileEncoding = 4; lastKnownFileType = sourcecode.c.objc; path = MultiValueViewController.m; sourceTree = "<group>"; };
		70FEB7FC180DDD5F008B6C61 /* DisclosureIndicator.h */ = {isa = PBXFileReference; fileEncoding = 4; lastKnownFileType = sourcecode.c.h; path = DisclosureIndicator.h; sourceTree = "<group>"; };
		70FEB7FD180DDD5F008B6C61 /* DisclosureIndicator.m */ = {isa = PBXFileReference; fileEncoding = 4; lastKnownFileType = sourcecode.c.objc; path = DisclosureIndicator.m; sourceTree = "<group>"; };
		80909A1C1835B1A800CC9F6F /* Game.h */ = {isa = PBXFileReference; fileEncoding = 4; lastKnownFileType = sourcecode.c.h; path = Game.h; sourceTree = "<group>"; };
		80909A1D1835B1A800CC9F6F /* Game.m */ = {isa = PBXFileReference; fileEncoding = 4; lastKnownFileType = sourcecode.c.objc; path = Game.m; sourceTree = "<group>"; };
		80C3B6311836EF25000B68E0 /* NSString+TableViewAlphabeticIndexes.h */ = {isa = PBXFileReference; fileEncoding = 4; lastKnownFileType = sourcecode.c.h; path = "NSString+TableViewAlphabeticIndexes.h"; sourceTree = "<group>"; };
		80C3B6321836EF25000B68E0 /* NSString+TableViewAlphabeticIndexes.m */ = {isa = PBXFileReference; fileEncoding = 4; lastKnownFileType = sourcecode.c.objc; path = "NSString+TableViewAlphabeticIndexes.m"; sourceTree = "<group>"; };
		80C3B63618385A85000B68E0 /* AudioPlayer.h */ = {isa = PBXFileReference; fileEncoding = 4; lastKnownFileType = sourcecode.c.h; path = AudioPlayer.h; sourceTree = "<group>"; };
		80C3B63718385A85000B68E0 /* AudioPlayer.m */ = {isa = PBXFileReference; fileEncoding = 4; lastKnownFileType = sourcecode.c.objc; path = AudioPlayer.m; sourceTree = "<group>"; };
		80C3B6391838841B000B68E0 /* PadDirectionButton.h */ = {isa = PBXFileReference; fileEncoding = 4; lastKnownFileType = sourcecode.c.h; path = PadDirectionButton.h; sourceTree = "<group>"; };
		80C3B63A1838841B000B68E0 /* PadDirectionButton.m */ = {isa = PBXFileReference; fileEncoding = 4; lastKnownFileType = sourcecode.c.objc; path = PadDirectionButton.m; sourceTree = "<group>"; };
		80C3B63C18389066000B68E0 /* PadButton.h */ = {isa = PBXFileReference; fileEncoding = 4; lastKnownFileType = sourcecode.c.h; path = PadButton.h; sourceTree = "<group>"; };
		80C3B63D18389066000B68E0 /* PadButton.m */ = {isa = PBXFileReference; fileEncoding = 4; lastKnownFileType = sourcecode.c.objc; path = PadButton.m; sourceTree = "<group>"; };
		80C3B63F183890ED000B68E0 /* PadSingleButton.h */ = {isa = PBXFileReference; fileEncoding = 4; lastKnownFileType = sourcecode.c.h; path = PadSingleButton.h; sourceTree = "<group>"; };
		80C3B640183890ED000B68E0 /* PadSingleButton.m */ = {isa = PBXFileReference; fileEncoding = 4; lastKnownFileType = sourcecode.c.objc; path = PadSingleButton.m; sourceTree = "<group>"; };
		80C3B64218397526000B68E0 /* TransparentMaskView.h */ = {isa = PBXFileReference; fileEncoding = 4; lastKnownFileType = sourcecode.c.h; path = TransparentMaskView.h; sourceTree = "<group>"; };
		80C3B64318397526000B68E0 /* TransparentMaskView.m */ = {isa = PBXFileReference; fileEncoding = 4; lastKnownFileType = sourcecode.c.objc; path = TransparentMaskView.m; sourceTree = "<group>"; };
		80C3B64518397740000B68E0 /* PadRoundTextButton.h */ = {isa = PBXFileReference; fileEncoding = 4; lastKnownFileType = sourcecode.c.h; path = PadRoundTextButton.h; sourceTree = "<group>"; };
		80C3B64618397740000B68E0 /* PadRoundTextButton.m */ = {isa = PBXFileReference; fileEncoding = 4; lastKnownFileType = sourcecode.c.objc; path = PadRoundTextButton.m; sourceTree = "<group>"; };
		80C3B64B18398CFB000B68E0 /* RoundTextMaskView.h */ = {isa = PBXFileReference; fileEncoding = 4; lastKnownFileType = sourcecode.c.h; path = RoundTextMaskView.h; sourceTree = "<group>"; };
		80C3B64C18398CFB000B68E0 /* RoundTextMaskView.m */ = {isa = PBXFileReference; fileEncoding = 4; lastKnownFileType = sourcecode.c.objc; path = RoundTextMaskView.m; sourceTree = "<group>"; };
		8D1107310486CEB800E47090 /* Info.plist */ = {isa = PBXFileReference; fileEncoding = 4; lastKnownFileType = text.plist.xml; path = Info.plist; sourceTree = "<group>"; };
		A27DBEC621C1872900201C9F /* Dev notes */ = {isa = PBXFileReference; lastKnownFileType = text; path = "Dev notes"; sourceTree = "<group>"; };
		A2C393FD21BF8F8900EC986B /* NESKit.xcodeproj */ = {isa = PBXFileReference; lastKnownFileType = "wrapper.pb-project"; name = NESKit.xcodeproj; path = submodules/neskit/NESKit.xcodeproj; sourceTree = "<group>"; };
		C4848C281A39835500A20A7B /* CGSize+Utilities.h */ = {isa = PBXFileReference; lastKnownFileType = sourcecode.c.h; name = "CGSize+Utilities.h"; path = "Extensions/CGGeometry/CGSize+Utilities.h"; sourceTree = "<group>"; };
		C4848C291A39838600A20A7B /* CGSize+Utilities.m */ = {isa = PBXFileReference; fileEncoding = 4; lastKnownFileType = sourcecode.c.objc; name = "CGSize+Utilities.m"; path = "Extensions/CGGeometry/CGSize+Utilities.m"; sourceTree = "<group>"; };
		F5EE71530FEEC3A000FDA0A6 /* controller_ls.png */ = {isa = PBXFileReference; lastKnownFileType = image.png; path = controller_ls.png; sourceTree = "<group>"; };
/* End PBXFileReference section */

/* Begin PBXFrameworksBuildPhase section */
		1D60588F0D05DD3D006BFB54 /* Frameworks */ = {
			isa = PBXFrameworksBuildPhase;
			buildActionMask = 2147483647;
			files = (
				A27DBEC521C1830600201C9F /* libNESKit.a in Frameworks */,
				66C1BD54186528AF00E5A833 /* GameController.framework in Frameworks */,
				7044127F0ED9CF6100E54091 /* AudioToolbox.framework in Frameworks */,
				704412800ED9CF6100E54091 /* QuartzCore.framework in Frameworks */,
				70F696A8124C289500D39392 /* CoreGraphics.framework in Frameworks */,
				70F696AA124C289500D39392 /* Foundation.framework in Frameworks */,
				70F696AC124C289500D39392 /* UIKit.framework in Frameworks */,
			);
			runOnlyForDeploymentPostprocessing = 0;
		};
/* End PBXFrameworksBuildPhase section */

/* Begin PBXGroup section */
		080E96DDFE201D6D7F000001 /* Classes */ = {
			isa = PBXGroup;
			children = (
				A2C3940A21BF913700EC986B /* iOS */,
			);
			path = Classes;
			sourceTree = "<group>";
		};
		19C28FACFE9D520D11CA2CBB /* Products */ = {
			isa = PBXGroup;
			children = (
				1D6058910D05DD3D006BFB54 /* Nestopia.app */,
			);
			name = Products;
			sourceTree = "<group>";
		};
		29B97314FDCFA39411CA2CEA /* CustomTemplate */ = {
			isa = PBXGroup;
			children = (
				A27DBEC621C1872900201C9F /* Dev notes */,
				080E96DDFE201D6D7F000001 /* Classes */,
				C4848C2C1A39847D00A20A7B /* Extensions */,
				29B97315FDCFA39411CA2CEA /* Other Sources */,
				29B97317FDCFA39411CA2CEA /* Resources */,
				29B97323FDCFA39411CA2CEA /* Frameworks */,
				19C28FACFE9D520D11CA2CBB /* Products */,
				A2C393FD21BF8F8900EC986B /* NESKit.xcodeproj */,
			);
			name = CustomTemplate;
			sourceTree = "<group>";
		};
		29B97315FDCFA39411CA2CEA /* Other Sources */ = {
			isa = PBXGroup;
			children = (
				28A0AAE50D9B0CCF005BE974 /* Nestopia_Prefix.pch */,
				29B97316FDCFA39411CA2CEA /* main.mm */,
			);
			name = "Other Sources";
			sourceTree = "<group>";
		};
		29B97317FDCFA39411CA2CEA /* Resources */ = {
			isa = PBXGroup;
			children = (
				F573FFD90FEAF8B9001ED26B /* Images */,
				7052062F17FA1E2F001FFF8F /* NstDatabase.dat */,
				8D1107310486CEB800E47090 /* Info.plist */,
			);
			name = Resources;
			sourceTree = "<group>";
		};
		29B97323FDCFA39411CA2CEA /* Frameworks */ = {
			isa = PBXGroup;
			children = (
				66C1BD53186528AF00E5A833 /* GameController.framework */,
				7044127D0ED9CF6100E54091 /* AudioToolbox.framework */,
				7044127E0ED9CF6100E54091 /* QuartzCore.framework */,
				70F696A7124C289500D39392 /* CoreGraphics.framework */,
				70F696A9124C289500D39392 /* Foundation.framework */,
				70F696AB124C289500D39392 /* UIKit.framework */,
			);
			name = Frameworks;
			sourceTree = "<group>";
		};
		70DBD98517FA15450094DBC5 /* Controller */ = {
			isa = PBXGroup;
			children = (
				F5EE71530FEEC3A000FDA0A6 /* controller_ls.png */,
				70F139FD1802355F00EC9BC8 /* controller_ls-568h.png */,
				7074DA8D17F3DBB80071CD85 /* controller_pt@2x.png */,
				70E983431801C450008ECA59 /* controller_ipad.png */,
				70E983411801C3E9008ECA59 /* controller_ipad@2x.png */,
			);
			name = Controller;
			sourceTree = "<group>";
		};
		70DBD98617FA154E0094DBC5 /* Icons */ = {
			isa = PBXGroup;
			children = (
				7074DA8317F3C8320071CD85 /* icon.png */,
				7074DA8517F3C86E0071CD85 /* icon@2x.png */,
				7074DA8617F3C86E0071CD85 /* icon~iphone.png */,
				709DC44D1801D743000A3E91 /* icon~ipad.png */,
			);
			name = Icons;
			sourceTree = "<group>";
		};
		70E55D840FEEDA4B003CF29C /* Controller Indicators */ = {
			isa = PBXGroup;
			children = (
				70B3DAFB17F48EC6005AA2BB /* a@2x.png */,
				70B3DAFC17F48EC6005AA2BB /* b@2x.png */,
				70B3DAFD17F48EC6005AA2BB /* d@2x.png */,
				70B3DAFE17F48EC6005AA2BB /* l@2x.png */,
				70B3DAFF17F48EC6005AA2BB /* r@2x.png */,
				70B3DB0017F48EC6005AA2BB /* u@2x.png */,
			);
			name = "Controller Indicators";
			sourceTree = "<group>";
		};
		70E55D850FEEDA67003CF29C /* Tabs */ = {
			isa = PBXGroup;
			children = (
				7039774710D97E890022DB57 /* Games@2x.png */,
				70E9834B1801D244008ECA59 /* Games.png */,
				7040D5AC1802203B00D2B455 /* History@2x.png */,
				70E983471801CF96008ECA59 /* History.png */,
				7074DA8917F3D0C10071CD85 /* Settings@2x.png */,
				70E983491801D1A9008ECA59 /* Settings.png */,
			);
			name = Tabs;
			sourceTree = "<group>";
		};
		A2C393FE21BF8F8900EC986B /* Products */ = {
			isa = PBXGroup;
			children = (
				A2C3940221BF8F8900EC986B /* libNESKit.a */,
			);
			name = Products;
			sourceTree = "<group>";
		};
		A2C3940A21BF913700EC986B /* iOS */ = {
			isa = PBXGroup;
			children = (
				1D3623240D0F684500981E51 /* NestopiaAppDelegate.h */,
				1D3623250D0F684500981E51 /* NestopiaAppDelegate.m */,
				704412BC0ED9D3D800E54091 /* GamesViewController.h */,
				704412BD0ED9D3D800E54091 /* GamesViewController.m */,
				28C286DF0D94DF7D0034E888 /* GamePlayViewController.h */,
				28C286E00D94DF7D0034E888 /* GamePlayViewController.m */,
				66C1BD5518652F4B00E5A833 /* GameControllerManager.h */,
				66C1BD5618652F4B00E5A833 /* GameControllerManager.m */,
				704412E80ED9D58B00E54091 /* SettingsViewController.h */,
				704412E90ED9D58B00E54091 /* SettingsViewController.m */,
				70FEB7F9180DDB9F008B6C61 /* MultiValueViewController.h */,
				70FEB7FA180DDB9F008B6C61 /* MultiValueViewController.m */,
				70FEB7FC180DDD5F008B6C61 /* DisclosureIndicator.h */,
				70FEB7FD180DDD5F008B6C61 /* DisclosureIndicator.m */,
				702087860EDC5A9900E83959 /* ScreenView.h */,
				702087870EDC5A9900E83959 /* ScreenView.m */,
				80C3B63618385A85000B68E0 /* AudioPlayer.h */,
				80C3B63718385A85000B68E0 /* AudioPlayer.m */,
				80C3B63C18389066000B68E0 /* PadButton.h */,
				80C3B63D18389066000B68E0 /* PadButton.m */,
				80C3B63F183890ED000B68E0 /* PadSingleButton.h */,
				80C3B640183890ED000B68E0 /* PadSingleButton.m */,
				80C3B64518397740000B68E0 /* PadRoundTextButton.h */,
				80C3B64618397740000B68E0 /* PadRoundTextButton.m */,
				80C3B6391838841B000B68E0 /* PadDirectionButton.h */,
				80C3B63A1838841B000B68E0 /* PadDirectionButton.m */,
				80C3B64218397526000B68E0 /* TransparentMaskView.h */,
				80C3B64318397526000B68E0 /* TransparentMaskView.m */,
				80C3B64B18398CFB000B68E0 /* RoundTextMaskView.h */,
				80C3B64C18398CFB000B68E0 /* RoundTextMaskView.m */,
				80909A1C1835B1A800CC9F6F /* Game.h */,
				80909A1D1835B1A800CC9F6F /* Game.m */,
				80C3B6311836EF25000B68E0 /* NSString+TableViewAlphabeticIndexes.h */,
				80C3B6321836EF25000B68E0 /* NSString+TableViewAlphabeticIndexes.m */,
			);
			path = iOS;
			sourceTree = "<group>";
		};
		C4848C2B1A39846F00A20A7B /* CGGeometry */ = {
			isa = PBXGroup;
			children = (
				C4848C281A39835500A20A7B /* CGSize+Utilities.h */,
				C4848C291A39838600A20A7B /* CGSize+Utilities.m */,
			);
			name = CGGeometry;
			sourceTree = "<group>";
		};
		C4848C2C1A39847D00A20A7B /* Extensions */ = {
			isa = PBXGroup;
			children = (
				C4848C2B1A39846F00A20A7B /* CGGeometry */,
			);
			name = Extensions;
			sourceTree = "<group>";
		};
		F573FFD90FEAF8B9001ED26B /* Images */ = {
			isa = PBXGroup;
			children = (
				7074DA7F17F380B70071CD85 /* Default-568h@2x.png */,
				7074DA8017F380B70071CD85 /* Default@2x.png */,
				70DBD98617FA154E0094DBC5 /* Icons */,
				70DBD98517FA15450094DBC5 /* Controller */,
				70E55D850FEEDA67003CF29C /* Tabs */,
				70E55D840FEEDA4B003CF29C /* Controller Indicators */,
			);
			name = Images;
			sourceTree = "<group>";
		};
/* End PBXGroup section */

/* Begin PBXNativeTarget section */
		1D6058900D05DD3D006BFB54 /* Nestopia */ = {
			isa = PBXNativeTarget;
			buildConfigurationList = 1D6058960D05DD3E006BFB54 /* Build configuration list for PBXNativeTarget "Nestopia" */;
			buildPhases = (
				1D60588D0D05DD3D006BFB54 /* Resources */,
				1D60588E0D05DD3D006BFB54 /* Sources */,
				1D60588F0D05DD3D006BFB54 /* Frameworks */,
			);
			buildRules = (
			);
			dependencies = (
				A2C3940721BF8FC800EC986B /* PBXTargetDependency */,
			);
			name = Nestopia;
			productName = Nestopia;
			productReference = 1D6058910D05DD3D006BFB54 /* Nestopia.app */;
			productType = "com.apple.product-type.application";
		};
/* End PBXNativeTarget section */

/* Begin PBXProject section */
		29B97313FDCFA39411CA2CEA /* Project object */ = {
			isa = PBXProject;
			attributes = {
				LastUpgradeCheck = 0500;
				TargetAttributes = {
					1D6058900D05DD3D006BFB54 = {
						DevelopmentTeam = 2C6KT7L4EZ;
					};
				};
			};
			buildConfigurationList = C01FCF4E08A954540054247B /* Build configuration list for PBXProject "Nestopia" */;
			compatibilityVersion = "Xcode 3.2";
			developmentRegion = English;
			hasScannedForEncodings = 1;
			knownRegions = (
				English,
				Japanese,
				French,
				German,
				en,
			);
			mainGroup = 29B97314FDCFA39411CA2CEA /* CustomTemplate */;
			projectDirPath = "";
			projectReferences = (
				{
					ProductGroup = A2C393FE21BF8F8900EC986B /* Products */;
					ProjectRef = A2C393FD21BF8F8900EC986B /* NESKit.xcodeproj */;
				},
			);
			projectRoot = "";
			targets = (
				1D6058900D05DD3D006BFB54 /* Nestopia */,
			);
		};
/* End PBXProject section */

/* Begin PBXReferenceProxy section */
		A2C3940221BF8F8900EC986B /* libNESKit.a */ = {
			isa = PBXReferenceProxy;
			fileType = archive.ar;
			path = libNESKit.a;
			remoteRef = A2C3940121BF8F8900EC986B /* PBXContainerItemProxy */;
			sourceTree = BUILT_PRODUCTS_DIR;
		};
/* End PBXReferenceProxy section */

/* Begin PBXResourcesBuildPhase section */
		1D60588D0D05DD3D006BFB54 /* Resources */ = {
			isa = PBXResourcesBuildPhase;
			buildActionMask = 2147483647;
			files = (
				70B3DB0317F48EC6005AA2BB /* d@2x.png in Resources */,
				7074DA8417F3C8320071CD85 /* icon.png in Resources */,
				70E983481801CF96008ECA59 /* History.png in Resources */,
				7074DA8A17F3D0C10071CD85 /* Settings@2x.png in Resources */,
				7074DA8117F380B70071CD85 /* Default-568h@2x.png in Resources */,
				7074DA8E17F3DBB80071CD85 /* controller_pt@2x.png in Resources */,
				70E983441801C450008ECA59 /* controller_ipad.png in Resources */,
				70B3DB0117F48EC6005AA2BB /* a@2x.png in Resources */,
				7074DA8717F3C86E0071CD85 /* icon@2x.png in Resources */,
				7074DA8217F380B70071CD85 /* Default@2x.png in Resources */,
				F5EE71540FEEC3A000FDA0A6 /* controller_ls.png in Resources */,
				70B3DB0617F48EC6005AA2BB /* u@2x.png in Resources */,
				709DC44E1801D743000A3E91 /* icon~ipad.png in Resources */,
				7074DA8817F3C86E0071CD85 /* icon~iphone.png in Resources */,
				70E983421801C3E9008ECA59 /* controller_ipad@2x.png in Resources */,
				70E9834A1801D1A9008ECA59 /* Settings.png in Resources */,
				70B3DB0517F48EC6005AA2BB /* r@2x.png in Resources */,
				7040D5AD1802203B00D2B455 /* History@2x.png in Resources */,
				70E9834C1801D244008ECA59 /* Games.png in Resources */,
				7039774810D97E890022DB57 /* Games@2x.png in Resources */,
				7052063017FA1E2F001FFF8F /* NstDatabase.dat in Resources */,
				70B3DB0217F48EC6005AA2BB /* b@2x.png in Resources */,
				70B3DB0417F48EC6005AA2BB /* l@2x.png in Resources */,
				70F139FE1802355F00EC9BC8 /* controller_ls-568h.png in Resources */,
			);
			runOnlyForDeploymentPostprocessing = 0;
		};
/* End PBXResourcesBuildPhase section */

/* Begin PBXSourcesBuildPhase section */
		1D60588E0D05DD3D006BFB54 /* Sources */ = {
			isa = PBXSourcesBuildPhase;
			buildActionMask = 2147483647;
			files = (
				80C3B63E18389066000B68E0 /* PadButton.m in Sources */,
				1D60589B0D05DD56006BFB54 /* main.mm in Sources */,
				80C3B64D18398CFB000B68E0 /* RoundTextMaskView.m in Sources */,
				1D3623260D0F684500981E51 /* NestopiaAppDelegate.m in Sources */,
				28C286E10D94DF7D0034E888 /* GamePlayViewController.m in Sources */,
				80C3B6331836EF25000B68E0 /* NSString+TableViewAlphabeticIndexes.m in Sources */,
				80C3B63B1838841B000B68E0 /* PadDirectionButton.m in Sources */,
				80909A1E1835B1A800CC9F6F /* Game.m in Sources */,
				704412BE0ED9D3D800E54091 /* GamesViewController.m in Sources */,
				80C3B641183890ED000B68E0 /* PadSingleButton.m in Sources */,
				704412EA0ED9D58B00E54091 /* SettingsViewController.m in Sources */,
				70FEB7FE180DDD5F008B6C61 /* DisclosureIndicator.m in Sources */,
				702087880EDC5A9900E83959 /* ScreenView.m in Sources */,
				66C1BD5718652F4B00E5A833 /* GameControllerManager.m in Sources */,
				70FEB7FB180DDB9F008B6C61 /* MultiValueViewController.m in Sources */,
				80C3B63818385A85000B68E0 /* AudioPlayer.m in Sources */,
				80C3B64418397526000B68E0 /* TransparentMaskView.m in Sources */,
				C4848C2A1A39838600A20A7B /* CGSize+Utilities.m in Sources */,
				80C3B64718397740000B68E0 /* PadRoundTextButton.m in Sources */,
			);
			runOnlyForDeploymentPostprocessing = 0;
		};
/* End PBXSourcesBuildPhase section */

/* Begin PBXTargetDependency section */
		A2C3940721BF8FC800EC986B /* PBXTargetDependency */ = {
			isa = PBXTargetDependency;
			name = NESKit;
			targetProxy = A2C3940621BF8FC800EC986B /* PBXContainerItemProxy */;
		};
/* End PBXTargetDependency section */

/* Begin XCBuildConfiguration section */
		1D6058940D05DD3E006BFB54 /* Debug */ = {
			isa = XCBuildConfiguration;
			buildSettings = {
				ALWAYS_SEARCH_USER_PATHS = NO;
				ARCHS = "$(ARCHS_STANDARD)";
				CLANG_CXX_LIBRARY = "libc++";
				DEVELOPMENT_TEAM = 2C6KT7L4EZ;
				FRAMEWORK_SEARCH_PATHS = (
					"$(inherited)",
					"\"$(SDKROOT)$(SYSTEM_LIBRARY_DIR)/PrivateFrameworks\"",
				);
				GCC_INPUT_FILETYPE = automatic;
				GCC_PRECOMPILE_PREFIX_HEADER = YES;
				GCC_PREFIX_HEADER = Nestopia_Prefix.pch;
				INFOPLIST_FILE = Info.plist;
				LD_RUNPATH_SEARCH_PATHS = "$(inherited) @executable_path/Frameworks";
				PRODUCT_BUNDLE_IDENTIFIER = com.zdziarski.Nestopia2;
				PRODUCT_NAME = Nestopia;
			};
			name = Debug;
		};
		1D6058950D05DD3E006BFB54 /* Release */ = {
			isa = XCBuildConfiguration;
			buildSettings = {
				ALWAYS_SEARCH_USER_PATHS = NO;
				ARCHS = "$(ARCHS_STANDARD)";
				CLANG_CXX_LIBRARY = "libc++";
				COMPRESS_PNG_FILES = YES;
				DEVELOPMENT_TEAM = 2C6KT7L4EZ;
				FRAMEWORK_SEARCH_PATHS = (
					"$(inherited)",
					"\"$(SDKROOT)$(SYSTEM_LIBRARY_DIR)/PrivateFrameworks\"",
				);
				GCC_ALTIVEC_EXTENSIONS = YES;
				GCC_INPUT_FILETYPE = automatic;
				GCC_PRECOMPILE_PREFIX_HEADER = YES;
				GCC_PREFIX_HEADER = Nestopia_Prefix.pch;
				INFOPLIST_FILE = Info.plist;
				LD_RUNPATH_SEARCH_PATHS = "$(inherited) @executable_path/Frameworks";
				PRODUCT_BUNDLE_IDENTIFIER = com.zdziarski.Nestopia2;
				PRODUCT_NAME = Nestopia;
			};
			name = Release;
		};
		70F696C6124C29C800D39392 /* Distribution */ = {
			isa = XCBuildConfiguration;
			buildSettings = {
				ARCHS = "$(ARCHS_STANDARD)";
				CLANG_ENABLE_MODULES = YES;
				CLANG_ENABLE_OBJC_ARC = YES;
				"CODE_SIGN_IDENTITY[sdk=iphoneos*]" = "iPhone Developer";
				GCC_C_LANGUAGE_STANDARD = c99;
				GCC_OPTIMIZATION_LEVEL = fast;
				GCC_WARN_ABOUT_RETURN_TYPE = YES;
				GCC_WARN_UNUSED_VARIABLE = YES;
				IPHONEOS_DEPLOYMENT_TARGET = 6.0;
				OTHER_CFLAGS = "-fast";
				PREBINDING = NO;
				SDKROOT = iphoneos;
				TARGETED_DEVICE_FAMILY = "1,2";
				VALIDATE_PRODUCT = YES;
				VALID_ARCHS = "armv7 armv7s arm64";
			};
			name = Distribution;
		};
		70F696C7124C29C800D39392 /* Distribution */ = {
			isa = XCBuildConfiguration;
			buildSettings = {
				ALWAYS_SEARCH_USER_PATHS = NO;
				ARCHS = "$(ARCHS_STANDARD)";
				CLANG_CXX_LIBRARY = "libc++";
				COMPRESS_PNG_FILES = YES;
				DEVELOPMENT_TEAM = 2C6KT7L4EZ;
				FRAMEWORK_SEARCH_PATHS = (
					"$(inherited)",
					"\"$(SDKROOT)$(SYSTEM_LIBRARY_DIR)/PrivateFrameworks\"",
				);
				GCC_ALTIVEC_EXTENSIONS = YES;
				GCC_INPUT_FILETYPE = automatic;
				GCC_PRECOMPILE_PREFIX_HEADER = YES;
				GCC_PREFIX_HEADER = Nestopia_Prefix.pch;
				INFOPLIST_FILE = Info.plist;
				LD_RUNPATH_SEARCH_PATHS = "$(inherited) @executable_path/Frameworks";
				PRODUCT_BUNDLE_IDENTIFIER = com.zdziarski.Nestopia2;
				PRODUCT_NAME = Nestopia;
			};
			name = Distribution;
		};
		C01FCF4F08A954540054247B /* Debug */ = {
			isa = XCBuildConfiguration;
			buildSettings = {
				ARCHS = "$(ARCHS_STANDARD)";
				CLANG_ENABLE_MODULES = YES;
				CLANG_ENABLE_OBJC_ARC = YES;
				"CODE_SIGN_IDENTITY[sdk=iphoneos*]" = "iPhone Developer";
				COPY_PHASE_STRIP = NO;
				GCC_C_LANGUAGE_STANDARD = c99;
				GCC_OPTIMIZATION_LEVEL = 0;
				GCC_WARN_ABOUT_RETURN_TYPE = YES;
				GCC_WARN_UNUSED_VARIABLE = YES;
				IPHONEOS_DEPLOYMENT_TARGET = 6.0;
				ONLY_ACTIVE_ARCH = YES;
				OTHER_CFLAGS = "-fast";
				PREBINDING = NO;
				SDKROOT = iphoneos;
				TARGETED_DEVICE_FAMILY = "1,2";
				VALID_ARCHS = "armv7 armv7s arm64";
			};
			name = Debug;
		};
		C01FCF5008A954540054247B /* Release */ = {
			isa = XCBuildConfiguration;
			buildSettings = {
				ARCHS = "$(ARCHS_STANDARD)";
				CLANG_ENABLE_MODULES = YES;
				CLANG_ENABLE_OBJC_ARC = YES;
				"CODE_SIGN_IDENTITY[sdk=iphoneos*]" = "iPhone Developer";
				GCC_C_LANGUAGE_STANDARD = c99;
				GCC_OPTIMIZATION_LEVEL = fast;
				GCC_WARN_ABOUT_RETURN_TYPE = YES;
				GCC_WARN_UNUSED_VARIABLE = YES;
				IPHONEOS_DEPLOYMENT_TARGET = 6.0;
				OTHER_CFLAGS = "-fast";
				PREBINDING = NO;
				SDKROOT = iphoneos;
				TARGETED_DEVICE_FAMILY = "1,2";
				VALID_ARCHS = "armv7 armv7s arm64";
			};
			name = Release;
		};
		C422B2841A3CBECD00AD5154 /* Debug Optimized */ = {
			isa = XCBuildConfiguration;
			buildSettings = {
				ARCHS = "$(ARCHS_STANDARD)";
				CLANG_ENABLE_MODULES = YES;
				CLANG_ENABLE_OBJC_ARC = YES;
				"CODE_SIGN_IDENTITY[sdk=iphoneos*]" = "iPhone Developer";
				COPY_PHASE_STRIP = NO;
				GCC_C_LANGUAGE_STANDARD = c99;
				GCC_OPTIMIZATION_LEVEL = fast;
				GCC_WARN_ABOUT_RETURN_TYPE = YES;
				GCC_WARN_UNUSED_VARIABLE = YES;
				IPHONEOS_DEPLOYMENT_TARGET = 6.0;
				ONLY_ACTIVE_ARCH = YES;
				OTHER_CFLAGS = "-fast";
				PREBINDING = NO;
				SDKROOT = iphoneos;
				TARGETED_DEVICE_FAMILY = "1,2";
				VALID_ARCHS = "armv7 armv7s arm64";
			};
			name = "Debug Optimized";
		};
		C422B2851A3CBECD00AD5154 /* Debug Optimized */ = {
			isa = XCBuildConfiguration;
			buildSettings = {
				ALWAYS_SEARCH_USER_PATHS = NO;
				ARCHS = "$(ARCHS_STANDARD)";
				CLANG_CXX_LIBRARY = "libc++";
				DEVELOPMENT_TEAM = 2C6KT7L4EZ;
				FRAMEWORK_SEARCH_PATHS = (
					"$(inherited)",
					"\"$(SDKROOT)$(SYSTEM_LIBRARY_DIR)/PrivateFrameworks\"",
				);
				GCC_INPUT_FILETYPE = automatic;
				GCC_PRECOMPILE_PREFIX_HEADER = YES;
				GCC_PREFIX_HEADER = Nestopia_Prefix.pch;
				INFOPLIST_FILE = Info.plist;
				LD_RUNPATH_SEARCH_PATHS = "$(inherited) @executable_path/Frameworks";
				PRODUCT_BUNDLE_IDENTIFIER = com.zdziarski.Nestopia2;
				PRODUCT_NAME = Nestopia;
			};
			name = "Debug Optimized";
		};
/* End XCBuildConfiguration section */

/* Begin XCConfigurationList section */
		1D6058960D05DD3E006BFB54 /* Build configuration list for PBXNativeTarget "Nestopia" */ = {
			isa = XCConfigurationList;
			buildConfigurations = (
				1D6058940D05DD3E006BFB54 /* Debug */,
				C422B2851A3CBECD00AD5154 /* Debug Optimized */,
				1D6058950D05DD3E006BFB54 /* Release */,
				70F696C7124C29C800D39392 /* Distribution */,
			);
			defaultConfigurationIsVisible = 0;
			defaultConfigurationName = Release;
		};
		C01FCF4E08A954540054247B /* Build configuration list for PBXProject "Nestopia" */ = {
			isa = XCConfigurationList;
			buildConfigurations = (
				C01FCF4F08A954540054247B /* Debug */,
				C422B2841A3CBECD00AD5154 /* Debug Optimized */,
				C01FCF5008A954540054247B /* Release */,
				70F696C6124C29C800D39392 /* Distribution */,
			);
			defaultConfigurationIsVisible = 0;
			defaultConfigurationName = Release;
		};
/* End XCConfigurationList section */
	};
	rootObject = 29B97313FDCFA39411CA2CEA /* Project object */;
}
